
Microsoft Visual Studio Solution File, Format Version 12.00
# Visual Studio Version 17
VisualStudioVersion = 17.14.36401.2 d17.14
MinimumVisualStudioVersion = 10.0.40219.1
Project("{888888A0-9F3D-457C-B088-3A5042F75D52}") = "resource_margin_backend", "resource_margin_backend.pyproj", "{76D98BA7-A2C2-4C94-9CAF-DE4D63F95F77}"
EndProject
Global
	GlobalSection(SolutionConfigurationPlatforms) = preSolution
		Debug|Any CPU = Debug|Any CPU
		Release|Any CPU = Release|Any CPU
	EndGlobalSection
	GlobalSection(ProjectConfigurationPlatforms) = postSolution
		{76D98BA7-A2C2-4C94-9CAF-DE4D63F95F77}.Debug|Any CPU.ActiveCfg = Debug|Any CPU
		{76D98BA7-A2C2-4C94-9CAF-DE4D63F95F77}.Release|Any CPU.ActiveCfg = Release|Any CPU
	EndGlobalSection
	GlobalSection(SolutionProperties) = preSolution
		HideSolutionNode = FALSE
	EndGlobalSection
	GlobalSection(ExtensibilityGlobals) = postSolution
		SolutionGuid = {D4C463C1-C750-4044-81D5-9CAF96484C27}
	EndGlobalSection
EndGlobal
